// !$*UTF8*$!
{
	archiveVersion = 1;
	classes = {
	};
	objectVersion = 46;
	objects = {

/* Begin PBXBuildFile section */
		CC6EE88B1E08B35F004A6F6F /* main.m in Sources */ = {isa = PBXBuildFile; fileRef = CC6EE88A1E08B35F004A6F6F /* main.m */; };
		CC6EE8931E0B4EF6004A6F6F /* Car.m in Sources */ = {isa = PBXBuildFile; fileRef = CC6EE8921E0B4EF6004A6F6F /* Car.m */; };
		CCA38D5C1E6FA4B70094718D /* Car+Maintenance.m in Sources */ = {isa = PBXBuildFile; fileRef = CCA38D5B1E6FA4B70094718D /* Car+Maintenance.m */; };
		CCA38D5F1E70F41D0094718D /* Car+Car_Protected.m in Sources */ = {isa = PBXBuildFile; fileRef = CCA38D5E1E70F41D0094718D /* Car+Car_Protected.m */; };
		CCA38D621E70F5CF0094718D /* Coupe.m in Sources */ = {isa = PBXBuildFile; fileRef = CCA38D611E70F5CF0094718D /* Coupe.m */; };
		CCD9D3C01E652B520025D974 /* Bicycle.m in Sources */ = {isa = PBXBuildFile; fileRef = CCD9D3BF1E652B520025D974 /* Bicycle.m */; };
/* End PBXBuildFile section */

/* Begin PBXCopyFilesBuildPhase section */
		CC6EE8851E08B35F004A6F6F /* CopyFiles */ = {
			isa = PBXCopyFilesBuildPhase;
			buildActionMask = 2147483647;
			dstPath = /usr/share/man/man1/;
			dstSubfolderSpec = 0;
			files = (
			);
			runOnlyForDeploymentPostprocessing = 1;
		};
/* End PBXCopyFilesBuildPhase section */

/* Begin PBXFileReference section */
		CC6EE8871E08B35F004A6F6F /* HelloObjectiveC */ = {isa = PBXFileReference; explicitFileType = "compiled.mach-o.executable"; includeInIndex = 0; path = HelloObjectiveC; sourceTree = BUILT_PRODUCTS_DIR; };
		CC6EE88A1E08B35F004A6F6F /* main.m */ = {isa = PBXFileReference; lastKnownFileType = sourcecode.c.objc; path = main.m; sourceTree = "<group>"; };
		CC6EE8911E0B4EF6004A6F6F /* Car.h */ = {isa = PBXFileReference; fileEncoding = 4; lastKnownFileType = sourcecode.c.h; path = Car.h; sourceTree = "<group>"; };
		CC6EE8921E0B4EF6004A6F6F /* Car.m */ = {isa = PBXFileReference; fileEncoding = 4; lastKnownFileType = sourcecode.c.objc; path = Car.m; sourceTree = "<group>"; };
		CCA38D5A1E6FA4B70094718D /* Car+Maintenance.h */ = {isa = PBXFileReference; fileEncoding = 4; lastKnownFileType = sourcecode.c.h; path = "Car+Maintenance.h"; sourceTree = "<group>"; };
		CCA38D5B1E6FA4B70094718D /* Car+Maintenance.m */ = {isa = PBXFileReference; fileEncoding = 4; lastKnownFileType = sourcecode.c.objc; path = "Car+Maintenance.m"; sourceTree = "<group>"; };
		CCA38D5D1E70F41D0094718D /* Car+Car_Protected.h */ = {isa = PBXFileReference; fileEncoding = 4; lastKnownFileType = sourcecode.c.h; name = "Car+Car_Protected.h"; path = "HelloObjectiveC/Car+Car_Protected.h"; sourceTree = "<group>"; };
		CCA38D5E1E70F41D0094718D /* Car+Car_Protected.m */ = {isa = PBXFileReference; fileEncoding = 4; lastKnownFileType = sourcecode.c.objc; name = "Car+Car_Protected.m"; path = "HelloObjectiveC/Car+Car_Protected.m"; sourceTree = "<group>"; };
		CCA38D601E70F5CF0094718D /* Coupe.h */ = {isa = PBXFileReference; fileEncoding = 4; lastKnownFileType = sourcecode.c.h; path = Coupe.h; sourceTree = "<group>"; };
		CCA38D611E70F5CF0094718D /* Coupe.m */ = {isa = PBXFileReference; fileEncoding = 4; lastKnownFileType = sourcecode.c.objc; path = Coupe.m; sourceTree = "<group>"; };
		CCD9D3BD1E652A450025D974 /* StreetLegal.h */ = {isa = PBXFileReference; lastKnownFileType = sourcecode.c.h; path = StreetLegal.h; sourceTree = "<group>"; };
		CCD9D3BE1E652B520025D974 /* Bicycle.h */ = {isa = PBXFileReference; fileEncoding = 4; lastKnownFileType = sourcecode.c.h; path = Bicycle.h; sourceTree = "<group>"; };
		CCD9D3BF1E652B520025D974 /* Bicycle.m */ = {isa = PBXFileReference; fileEncoding = 4; lastKnownFileType = sourcecode.c.objc; path = Bicycle.m; sourceTree = "<group>"; };
/* End PBXFileReference section */

/* Begin PBXFrameworksBuildPhase section */
		CC6EE8841E08B35F004A6F6F /* Frameworks */ = {
			isa = PBXFrameworksBuildPhase;
			buildActionMask = 2147483647;
			files = (
			);
			runOnlyForDeploymentPostprocessing = 0;
		};
/* End PBXFrameworksBuildPhase section */

/* Begin PBXGroup section */
		CC6EE87E1E08B35F004A6F6F = {
			isa = PBXGroup;
			children = (
				CCD9D3BE1E652B520025D974 /* Bicycle.h */,
				CCD9D3BF1E652B520025D974 /* Bicycle.m */,
				CC6EE8911E0B4EF6004A6F6F /* Car.h */,
				CC6EE8921E0B4EF6004A6F6F /* Car.m */,
				CCA38D5A1E6FA4B70094718D /* Car+Maintenance.h */,
				CCA38D5B1E6FA4B70094718D /* Car+Maintenance.m */,
				CCD9D3BD1E652A450025D974 /* StreetLegal.h */,
				CCA38D5D1E70F41D0094718D /* Car+Car_Protected.h */,
				CCA38D5E1E70F41D0094718D /* Car+Car_Protected.m */,
				CCA38D601E70F5CF0094718D /* Coupe.h */,
				CCA38D611E70F5CF0094718D /* Coupe.m */,
				CC6EE8891E08B35F004A6F6F /* HelloObjectiveC */,
				CC6EE8881E08B35F004A6F6F /* Products */,
			);
			sourceTree = "<group>";
		};
		CC6EE8881E08B35F004A6F6F /* Products */ = {
			isa = PBXGroup;
			children = (
				CC6EE8871E08B35F004A6F6F /* HelloObjectiveC */,
			);
			name = Products;
			sourceTree = "<group>";
		};
		CC6EE8891E08B35F004A6F6F /* HelloObjectiveC */ = {
			isa = PBXGroup;
			children = (
				CC6EE88A1E08B35F004A6F6F /* main.m */,
			);
			path = HelloObjectiveC;
			sourceTree = "<group>";
		};
/* End PBXGroup section */

/* Begin PBXNativeTarget section */
		CC6EE8861E08B35F004A6F6F /* HelloObjectiveC */ = {
			isa = PBXNativeTarget;
			buildConfigurationList = CC6EE88E1E08B35F004A6F6F /* Build configuration list for PBXNativeTarget "HelloObjectiveC" */;
			buildPhases = (
				CC6EE8831E08B35F004A6F6F /* Sources */,
				CC6EE8841E08B35F004A6F6F /* Frameworks */,
				CC6EE8851E08B35F004A6F6F /* CopyFiles */,
			);
			buildRules = (
			);
			dependencies = (
			);
			name = HelloObjectiveC;
			productName = HelloObjectiveC;
			productReference = CC6EE8871E08B35F004A6F6F /* HelloObjectiveC */;
			productType = "com.apple.product-type.tool";
		};
/* End PBXNativeTarget section */

/* Begin PBXProject section */
		CC6EE87F1E08B35F004A6F6F /* Project object */ = {
			isa = PBXProject;
			attributes = {
				LastUpgradeCheck = 0820;
				ORGANIZATIONNAME = tfrth;
				TargetAttributes = {
					CC6EE8861E08B35F004A6F6F = {
						CreatedOnToolsVersion = 8.2;
						DevelopmentTeam = 6DM3LM6ZH6;
						ProvisioningStyle = Automatic;
					};
				};
			};
			buildConfigurationList = CC6EE8821E08B35F004A6F6F /* Build configuration list for PBXProject "HelloObjectiveC" */;
			compatibilityVersion = "Xcode 3.2";
			developmentRegion = English;
			hasScannedForEncodings = 0;
			knownRegions = (
				en,
			);
			mainGroup = CC6EE87E1E08B35F004A6F6F;
			productRefGroup = CC6EE8881E08B35F004A6F6F /* Products */;
			projectDirPath = "";
			projectRoot = "";
			targets = (
				CC6EE8861E08B35F004A6F6F /* HelloObjectiveC */,
			);
		};
/* End PBXProject section */

/* Begin PBXSourcesBuildPhase section */
		CC6EE8831E08B35F004A6F6F /* Sources */ = {
			isa = PBXSourcesBuildPhase;
			buildActionMask = 2147483647;
			files = (
				CCA38D621E70F5CF0094718D /* Coupe.m in Sources */,
				CCA38D5C1E6FA4B70094718D /* Car+Maintenance.m in Sources */,
				CC6EE8931E0B4EF6004A6F6F /* Car.m in Sources */,
				CCD9D3C01E652B520025D974 /* Bicycle.m in Sources */,
				CC6EE88B1E08B35F004A6F6F /* main.m in Sources */,
				CCA38D5F1E70F41D0094718D /* Car+Car_Protected.m in Sources */,
			);
			runOnlyForDeploymentPostprocessing = 0;
		};
/* End PBXSourcesBuildPhase section */

/* Begin XCBuildConfiguration section */
		CC6EE88C1E08B35F004A6F6F /* Debug */ = {
			isa = XCBuildConfiguration;
			buildSettings = {
				ALWAYS_SEARCH_USER_PATHS = NO;
				CLANG_ANALYZER_NONNULL = YES;
				CLANG_CXX_LANGUAGE_STANDARD = "gnu++0x";
				CLANG_CXX_LIBRARY = "libc++";
				CLANG_ENABLE_MODULES = YES;
				CLANG_ENABLE_OBJC_ARC = YES;
				CLANG_WARN_BOOL_CONVERSION = YES;
				CLANG_WARN_CONSTANT_CONVERSION = YES;
				CLANG_WARN_DIRECT_OBJC_ISA_USAGE = YES_ERROR;
				CLANG_WARN_DOCUMENTATION_COMMENTS = YES;
				CLANG_WARN_EMPTY_BODY = YES;
				CLANG_WARN_ENUM_CONVERSION = YES;
				CLANG_WARN_INFINITE_RECURSION = YES;
				CLANG_WARN_INT_CONVERSION = YES;
				CLANG_WARN_OBJC_ROOT_CLASS = YES_ERROR;
				CLANG_WARN_SUSPICIOUS_MOVE = YES;
				CLANG_WARN_UNREACHABLE_CODE = YES;
				CLANG_WARN__DUPLICATE_METHOD_MATCH = YES;
				CODE_SIGN_IDENTITY = "-";
				COPY_PHASE_STRIP = NO;
				DEBUG_INFORMATION_FORMAT = dwarf;
				ENABLE_STRICT_OBJC_MSGSEND = YES;
				ENABLE_TESTABILITY = YES;
				GCC_C_LANGUAGE_STANDARD = gnu99;
				GCC_DYNAMIC_NO_PIC = NO;
				GCC_NO_COMMON_BLOCKS = YES;
				GCC_OPTIMIZATION_LEVEL = 0;
				GCC_PREPROCESSOR_DEFINITIONS = (
					"DEBUG=1",
					"$(inherited)",
				);
				GCC_WARN_64_TO_32_BIT_CONVERSION = YES;
				GCC_WARN_ABOUT_RETURN_TYPE = YES_ERROR;
				GCC_WARN_UNDECLARED_SELECTOR = YES;
				GCC_WARN_UNINITIALIZED_AUTOS = YES_AGGRESSIVE;
				GCC_WARN_UNUSED_FUNCTION = YES;
				GCC_WARN_UNUSED_VARIABLE = YES;
				MACOSX_DEPLOYMENT_TARGET = 10.11;
				MTL_ENABLE_DEBUG_INFO = YES;
				ONLY_ACTIVE_ARCH = YES;
				SDKROOT = macosx;
			};
			name = Debug;
		};
		CC6EE88D1E08B35F004A6F6F /* Release */ = {
			isa = XCBuildConfiguration;
			buildSettings = {
				ALWAYS_SEARCH_USER_PATHS = NO;
				CLANG_ANALYZER_NONNULL = YES;
				CLANG_CXX_LANGUAGE_STANDARD = "gnu++0x";
				CLANG_CXX_LIBRARY = "libc++";
				CLANG_ENABLE_MODULES = YES;
				CLANG_ENABLE_OBJC_ARC = YES;
				CLANG_WARN_BOOL_CONVERSION = YES;
				CLANG_WARN_CONSTANT_CONVERSION = YES;
				CLANG_WARN_DIRECT_OBJC_ISA_USAGE = YES_ERROR;
				CLANG_WARN_DOCUMENTATION_COMMENTS = YES;
				CLANG_WARN_EMPTY_BODY = YES;
				CLANG_WARN_ENUM_CONVERSION = YES;
				CLANG_WARN_INFINITE_RECURSION = YES;
				CLANG_WARN_INT_CONVERSION = YES;
				CLANG_WARN_OBJC_ROOT_CLASS = YES_ERROR;
				CLANG_WARN_SUSPICIOUS_MOVE = YES;
				CLANG_WARN_UNREACHABLE_CODE = YES;
				CLANG_WARN__DUPLICATE_METHOD_MATCH = YES;
				CODE_SIGN_IDENTITY = "-";
				COPY_PHASE_STRIP = NO;
				DEBUG_INFORMATION_FORMAT = "dwarf-with-dsym";
				ENABLE_NS_ASSERTIONS = NO;
				ENABLE_STRICT_OBJC_MSGSEND = YES;
				GCC_C_LANGUAGE_STANDARD = gnu99;
				GCC_NO_COMMON_BLOCKS = YES;
				GCC_WARN_64_TO_32_BIT_CONVERSION = YES;
				GCC_WARN_ABOUT_RETURN_TYPE = YES_ERROR;
				GCC_WARN_UNDECLARED_SELECTOR = YES;
				GCC_WARN_UNINITIALIZED_AUTOS = YES_AGGRESSIVE;
				GCC_WARN_UNUSED_FUNCTION = YES;
				GCC_WARN_UNUSED_VARIABLE = YES;
				MACOSX_DEPLOYMENT_TARGET = 10.11;
				MTL_ENABLE_DEBUG_INFO = NO;
				SDKROOT = macosx;
			};
			name = Release;
		};
		CC6EE88F1E08B35F004A6F6F /* Debug */ = {
			isa = XCBuildConfiguration;
			buildSettings = {
				DEVELOPMENT_TEAM = 6DM3LM6ZH6;
				PRODUCT_NAME = "$(TARGET_NAME)";
			};
			name = Debug;
		};
		CC6EE8901E08B35F004A6F6F /* Release */ = {
			isa = XCBuildConfiguration;
			buildSettings = {
				DEVELOPMENT_TEAM = 6DM3LM6ZH6;
				PRODUCT_NAME = "$(TARGET_NAME)";
			};
			name = Release;
		};
/* End XCBuildConfiguration section */

/* Begin XCConfigurationList section */
		CC6EE8821E08B35F004A6F6F /* Build configuration list for PBXProject "HelloObjectiveC" */ = {
			isa = XCConfigurationList;
			buildConfigurations = (
				CC6EE88C1E08B35F004A6F6F /* Debug */,
				CC6EE88D1E08B35F004A6F6F /* Release */,
			);
			defaultConfigurationIsVisible = 0;
			defaultConfigurationName = Release;
		};
		CC6EE88E1E08B35F004A6F6F /* Build configuration list for PBXNativeTarget "HelloObjectiveC" */ = {
			isa = XCConfigurationList;
			buildConfigurations = (
				CC6EE88F1E08B35F004A6F6F /* Debug */,
				CC6EE8901E08B35F004A6F6F /* Release */,
			);
			defaultConfigurationIsVisible = 0;
			defaultConfigurationName = Release;
		};
/* End XCConfigurationList section */
	};
	rootObject = CC6EE87F1E08B35F004A6F6F /* Project object */;
}
